
Microsoft Visual Studio Solution File, Format Version 12.00
Project("{FAE04EC0-301F-11D3-BF4B-00C04F79EFBC}") = "Lagger", "Lagger\Lagger.csproj", "{42280EFD-0925-4C60-A487-3F90D61BA508}"
EndProject
Global
	GlobalSection(SolutionConfigurationPlatforms) = preSolution
		Debug|Any CPU = Debug|Any CPU
		Release|Any CPU = Release|Any CPU
	EndGlobalSection
	GlobalSection(ProjectConfigurationPlatforms) = postSolution
		{42280EFD-0925-4C60-A487-3F90D61BA508}.Debug|Any CPU.ActiveCfg = Debug|Any CPU
		{42280EFD-0925-4C60-A487-3F90D61BA508}.Debug|Any CPU.Build.0 = Debug|Any CPU
		{42280EFD-0925-4C60-A487-3F90D61BA508}.Release|Any CPU.ActiveCfg = Release|Any CPU
		{42280EFD-0925-4C60-A487-3F90D61BA508}.Release|Any CPU.Build.0 = Release|Any CPU
	EndGlobalSection
EndGlobal
